#MicroXplorer Configuration settings - do not modify
Mcu.Family=STM32F0
PA6.GPIOParameters=GPIO_Label
ProjectManager.MainLocation=Core/Src
PA6.Mode=Full_Duplex_Master
ProjectManager.ProjectFileName=STM32F051R8T6_SPI_RFM69_Receiver.ioc
PA7.Mode=Full_Duplex_Master
PB9.GPIO_Label=DIO0
ProjectManager.KeepUserCode=true
PA10.Mode=Asynchronous
Mcu.UserName=STM32F051R8Tx
Mcu.PinsNb=14
SPI1.VirtualType=VM_MASTER
PC9.GPIO_Label=LED
ProjectManager.NoMain=false
SPI1.IPParameters=VirtualType,Mode,Direction,CalculateBaudRate,DataSize,BaudRatePrescaler,CLKPhase
USART1.BaudRate=115200
RCC.PLLCLKFreq_Value=8000000
ProjectManager.functionlistsort=1-MX_GPIO_Init-GPIO-false-HAL-true,2-SystemClock_Config-RCC-false-HAL-false,3-MX_SPI1_Init-SPI1-false-HAL-true,4-MX_USART1_UART_Init-USART1-false-HAL-true
PC8.Signal=GPIO_Output
PC9.Locked=true
PA3.GPIOParameters=GPIO_Label
ProjectManager.DefaultFWLocation=true
PA6.GPIO_Label=RFM_MISO
SPI1.CLKPhase=SPI_PHASE_2EDGE
NVIC.SVC_IRQn=true\:0\:0\:false\:false\:true\:false\:false
ProjectManager.DeletePrevious=true
USART1.IPParameters=VirtualMode-Asynchronous,BaudRate
PinOutPanel.RotationAngle=0
RCC.FamilyName=M
ProjectManager.StackSize=0x400
PB9.GPIOParameters=GPIO_Label
PC8.GPIO_Label=LED2
USART1.VirtualMode-Asynchronous=VM_ASYNC
PA13.Signal=SYS_SWDIO
Mcu.IP4=USART1
Mcu.IP2=SPI1
Mcu.IP3=SYS
Mcu.IP0=NVIC
Mcu.IP1=RCC
Mcu.UserConstants=
ProjectManager.TargetToolchain=STM32CubeIDE
Mcu.ThirdPartyNb=0
SPI1.Direction=SPI_DIRECTION_2LINES
Mcu.IPNb=5
ProjectManager.PreviousToolchain=
PB6.Signal=USART1_TX
PB9.Locked=true
PB6.Mode=Asynchronous
SPI1.CalculateBaudRate=1000.0 KBits/s
Mcu.Pin6=PC8
Mcu.Pin7=PC9
ProjectManager.RegisterCallBack=
Mcu.Pin8=PA10
Mcu.Pin9=PA13
Mcu.Pin0=PF0-OSC_IN
PF0-OSC_IN.Mode=HSE-External-Clock-Source
Mcu.Pin1=PA3
Mcu.Pin2=PA4
Mcu.Pin3=PA5
Mcu.Pin4=PA6
Mcu.Pin5=PA7
PA5.Signal=SPI1_SCK
ProjectManager.ProjectBuild=false
board=custom
PA4.Locked=true
NVIC.SysTick_IRQn=true\:0\:0\:false\:false\:true\:false\:true
ProjectManager.LastFirmware=false
ProjectManager.FirmwarePackage=STM32Cube FW_F0 V1.11.2
MxDb.Version=DB.6.0.21
ProjectManager.BackupPrevious=false
MxCube.Version=6.2.1
SPI1.Mode=SPI_MODE_MASTER
PA14.Mode=Serial_Wire
SPI1.DataSize=SPI_DATASIZE_8BIT
File.Version=6
VP_SYS_VS_Systick.Mode=SysTick
NVIC.NonMaskableInt_IRQn=true\:0\:0\:false\:false\:true\:false\:false
PA4.GPIOParameters=GPIO_Label
PB6.Locked=true
NVIC.PendSV_IRQn=true\:0\:0\:false\:false\:true\:false\:false
PA13.Mode=Serial_Wire
ProjectManager.FreePins=false
RCC.IPParameters=CECFreq_Value,FamilyName,HSICECFreq_Value,PLLCLKFreq_Value,PLLMCOFreq_Value,TimSysFreq_Value
PC9.GPIOParameters=GPIO_Label
ProjectManager.AskForMigrate=true
Mcu.Name=STM32F051R8Tx
ProjectManager.HalAssertFull=false
ProjectManager.ProjectName=STM32F051R8T6_SPI_RFM69_Receiver
ProjectManager.UnderRoot=true
RCC.HSICECFreq_Value=32786.88524590164
RCC.PLLMCOFreq_Value=4000000
ProjectManager.CoupleFile=false
PC8.GPIOParameters=GPIO_Label
PA4.Signal=GPIO_Output
Mcu.Package=LQFP64
PB9.Signal=GPIO_Input
PA6.Signal=SPI1_MISO
RCC.TimSysFreq_Value=8000000
PA7.GPIO_Label=RFM_MOSI
PA3.Locked=true
PA5.GPIO_Label=RFM_SCK
NVIC.ForceEnableDMAVector=true
KeepUserPlacement=false
ProjectManager.CompilerOptimize=6
ProjectManager.ToolChainLocation=
VP_SYS_VS_Systick.Signal=SYS_VS_Systick
PA10.Signal=USART1_RX
PA14.Signal=SYS_SWCLK
ProjectManager.HeapSize=0x200
NVIC.HardFault_IRQn=true\:0\:0\:false\:false\:true\:false\:false
PA5.GPIOParameters=GPIO_Label
Mcu.Pin13=VP_SYS_VS_Systick
ProjectManager.ComputerToolchain=false
Mcu.Pin11=PB6
Mcu.Pin12=PB9
Mcu.Pin10=PA14
RCC.CECFreq_Value=32786.88524590164
PC8.Locked=true
PC9.Signal=GPIO_Output
PF0-OSC_IN.Signal=RCC_OSC_IN
SPI1.BaudRatePrescaler=SPI_BAUDRATEPRESCALER_8
PA4.GPIO_Label=RFM_RESET
PA7.GPIOParameters=GPIO_Label
ProjectManager.CustomerFirmwarePackage=
ProjectManager.DeviceId=STM32F051R8Tx
ProjectManager.LibraryCopy=1
PA3.GPIO_Label=RFM_NSEL
PA3.Signal=GPIO_Output
PA5.Mode=Full_Duplex_Master
PA7.Signal=SPI1_MOSI
isbadioc=false
