#MicroXplorer Configuration settings - do not modify
Mcu.Family=STM32F3
ProjectManager.MainLocation=Core/Src
RCC.USART1Freq_Value=8000000
ProjectManager.ProjectFileName=STM32F334R8T6_RFM69_Transmitte_HAL.ioc
RCC.CortexFreq_Value=8000000
ProjectManager.KeepUserCode=true
Mcu.UserName=STM32F334R8Tx
PF0\ /\ OSC_IN.Mode=HSE-External-Clock-Source
Mcu.PinsNb=13
SPI1.VirtualType=VM_MASTER
PC9.GPIO_Label=DIO0
ProjectManager.NoMain=false
SPI1.IPParameters=VirtualType,Mode,Direction,CalculateBaudRate,DataSize,BaudRatePrescaler,CLKPhase,CLKPolarity
USART1.BaudRate=115200
RCC.PLLCLKFreq_Value=8000000
ProjectManager.functionlistsort=1-MX_GPIO_Init-GPIO-false-HAL-true,2-SystemClock_Config-RCC-false-HAL-false,3-MX_SPI1_Init-SPI1-false-HAL-true,4-MX_USART1_UART_Init-USART1-false-HAL-true
PC0.GPIOParameters=GPIO_Label
PC0.GPIO_Label=RFM_NSEL
RCC.RTCFreq_Value=40000
PC9.Locked=true
ProjectManager.DefaultFWLocation=true
RCC.HSEPLLFreq_Value=8000000
SPI1.CLKPhase=SPI_PHASE_2EDGE
PB12.Locked=true
ProjectManager.DeletePrevious=true
PC5.Mode=Asynchronous
RCC.HSIPLLFreq_Value=4000000
USART1.IPParameters=VirtualMode-Asynchronous,BaudRate
PC0.Signal=GPIO_Output
PinOutPanel.RotationAngle=0
RCC.FamilyName=M
ProjectManager.StackSize=0x400
PB5.GPIOParameters=GPIO_Label
USART1.VirtualMode-Asynchronous=VM_ASYNC
PA13.Signal=SYS_JTMS-SWDIO
Mcu.IP4=USART1
NVIC.SVCall_IRQn=true\:0\:0\:false\:false\:true\:false\:false
Mcu.IP2=SPI1
Mcu.IP3=SYS
PB4.GPIOParameters=GPIO_Label
Mcu.IP0=NVIC
Mcu.IP1=RCC
SPI1.CLKPolarity=SPI_POLARITY_LOW
PA4.PinState=GPIO_PIN_SET
Mcu.UserConstants=
ProjectManager.TargetToolchain=STM32CubeIDE
Mcu.ThirdPartyNb=0
SPI1.Direction=SPI_DIRECTION_2LINES
Mcu.IPNb=5
ProjectManager.PreviousToolchain=
PB6.Signal=USART1_TX
PB5.Locked=true
PB6.Mode=Asynchronous
SPI1.CalculateBaudRate=1000.0 KBits/s
Mcu.Pin6=PA13
Mcu.Pin7=PA14
ProjectManager.RegisterCallBack=
Mcu.Pin8=PB3
Mcu.Pin9=PB4
RCC.LSE_VALUE=32768
RCC.AHBFreq_Value=8000000
RCC.TIM2Freq_Value=8000000
Mcu.Pin0=PF0 / OSC_IN
Mcu.Pin1=PC0
GPIO.groupedBy=Group By Peripherals
Mcu.Pin2=PA4
Mcu.Pin3=PC5
Mcu.Pin4=PB12
Mcu.Pin5=PC9
ProjectManager.ProjectBuild=false
RCC.HSE_VALUE=8000000
NVIC.UsageFault_IRQn=true\:0\:0\:false\:false\:true\:false\:false
NVIC.DebugMonitor_IRQn=true\:0\:0\:false\:false\:true\:false\:false
PB3.Mode=Full_Duplex_Master
board=custom
PA4.Locked=true
NVIC.SysTick_IRQn=true\:0\:0\:false\:false\:true\:false\:true
ProjectManager.LastFirmware=false
PA4.GPIO_Speed=GPIO_SPEED_FREQ_HIGH
PB12.GPIO_Label=LED
RCC.VCOOutput2Freq_Value=4000000
ProjectManager.FirmwarePackage=STM32Cube FW_F3 V1.11.2
MxDb.Version=DB.6.0.21
RCC.APB2Freq_Value=8000000
PB4.Mode=Full_Duplex_Master
ProjectManager.BackupPrevious=false
PF0\ /\ OSC_IN.Signal=RCC_OSC_IN
MxCube.Version=6.2.1
PB4.GPIO_Label=RFM_MISO
RCC.I2C1Freq_Value=8000000
SPI1.Mode=SPI_MODE_MASTER
PA14.Mode=Serial_Wire
PB5.Mode=Full_Duplex_Master
SPI1.DataSize=SPI_DATASIZE_8BIT
File.Version=6
VP_SYS_VS_Systick.Mode=SysTick
PB3.GPIOParameters=GPIO_Label
NVIC.NonMaskableInt_IRQn=true\:0\:0\:false\:false\:true\:false\:false
PA4.GPIOParameters=GPIO_Speed,PinState,GPIO_Label
PB6.Locked=true
NVIC.PendSV_IRQn=true\:0\:0\:false\:false\:true\:false\:false
PA13.Mode=Serial_Wire
ProjectManager.FreePins=false
RCC.IPParameters=AHBFreq_Value,APB1Freq_Value,APB2Freq_Value,CortexFreq_Value,FamilyName,HSEPLLFreq_Value,HSE_VALUE,HSIPLLFreq_Value,HSI_VALUE,I2C1Freq_Value,LSE_VALUE,LSI_VALUE,PLLCLKFreq_Value,PLLMCOFreq_Value,RTCFreq_Value,RTCHSEDivFreq_Value,SYSCLKFreq_VALUE,TIM2Freq_Value,USART1Freq_Value,VCOOutput2Freq_Value
PC9.GPIOParameters=GPIO_Label
ProjectManager.AskForMigrate=true
Mcu.Name=STM32F334R(6-8)Tx
ProjectManager.HalAssertFull=false
RCC.RTCHSEDivFreq_Value=250000
ProjectManager.ProjectName=STM32F334R8T6_RFM69_Transmitte_HAL
ProjectManager.UnderRoot=true
RCC.PLLMCOFreq_Value=8000000
ProjectManager.CoupleFile=false
PB4.Locked=true
PB3.Signal=SPI1_SCK
PA4.Signal=GPIO_Output
RCC.SYSCLKFreq_VALUE=8000000
Mcu.Package=LQFP64
PB5.Signal=SPI1_MOSI
NVIC.ForceEnableDMAVector=true
KeepUserPlacement=false
NVIC.MemoryManagement_IRQn=true\:0\:0\:false\:false\:true\:false\:false
ProjectManager.CompilerOptimize=6
ProjectManager.ToolChainLocation=
RCC.LSI_VALUE=40000
VP_SYS_VS_Systick.Signal=SYS_VS_Systick
PA14.Signal=SYS_JTCK-SWCLK
ProjectManager.HeapSize=0x200
NVIC.HardFault_IRQn=true\:0\:0\:false\:false\:true\:false\:false
ProjectManager.ComputerToolchain=false
RCC.HSI_VALUE=8000000
NVIC.PriorityGroup=NVIC_PRIORITYGROUP_4
Mcu.Pin11=PB6
PB5.GPIO_Label=RFM_MOSI
Mcu.Pin12=VP_SYS_VS_Systick
Mcu.Pin10=PB5
NVIC.BusFault_IRQn=true\:0\:0\:false\:false\:true\:false\:false
PC5.Signal=USART1_RX
PC9.Signal=GPIO_Input
RCC.APB1Freq_Value=8000000
SPI1.BaudRatePrescaler=SPI_BAUDRATEPRESCALER_8
PA4.GPIO_Label=RFM_RESET
ProjectManager.CustomerFirmwarePackage=
PC0.Locked=true
ProjectManager.DeviceId=STM32F334R8Tx
PB12.GPIOParameters=GPIO_Label
PB12.Signal=GPIO_Output
ProjectManager.LibraryCopy=1
PB4.Signal=SPI1_MISO
PB3.Locked=true
PB3.GPIO_Label=RFM_SCK
isbadioc=false
